// !$*UTF8*$!
{
	archiveVersion = 1;
	classes = {
	};
	objectVersion = 56;
	objects = {

/* Begin PBXBuildFile section */
		00119393295253E400F9316C /* ForecastWeatherModel.swift in Sources */ = {isa = PBXBuildFile; fileRef = 00119392295253E400F9316C /* ForecastWeatherModel.swift */; };
		0058ADBE294F56570037E9D7 /* DetailViewMainWeather.swift in Sources */ = {isa = PBXBuildFile; fileRef = 0058ADBD294F56570037E9D7 /* DetailViewMainWeather.swift */; };
		00A94B102949FA83000A8169 /* AppDelegate.swift in Sources */ = {isa = PBXBuildFile; fileRef = 00A94B0F2949FA83000A8169 /* AppDelegate.swift */; };
		00A94B122949FA83000A8169 /* SceneDelegate.swift in Sources */ = {isa = PBXBuildFile; fileRef = 00A94B112949FA83000A8169 /* SceneDelegate.swift */; };
		00A94B192949FA84000A8169 /* Assets.xcassets in Resources */ = {isa = PBXBuildFile; fileRef = 00A94B182949FA84000A8169 /* Assets.xcassets */; };
		00A94B1C2949FA84000A8169 /* LaunchScreen.storyboard in Resources */ = {isa = PBXBuildFile; fileRef = 00A94B1A2949FA84000A8169 /* LaunchScreen.storyboard */; };
		00A94B26294A6260000A8169 /* MainViewController.swift in Sources */ = {isa = PBXBuildFile; fileRef = 00A94B25294A6260000A8169 /* MainViewController.swift */; };
		00A94B28294B31F8000A8169 /* MainWeatherCell.swift in Sources */ = {isa = PBXBuildFile; fileRef = 00A94B27294B31F8000A8169 /* MainWeatherCell.swift */; };
		00A94B2B294B32D0000A8169 /* CurrentWeatherModel.swift in Sources */ = {isa = PBXBuildFile; fileRef = 00A94B2A294B32D0000A8169 /* CurrentWeatherModel.swift */; };
		00A94B2E294B6E12000A8169 /* NetworkWeather.swift in Sources */ = {isa = PBXBuildFile; fileRef = 00A94B2D294B6E12000A8169 /* NetworkWeather.swift */; };
		00F8A83B294C94E0007DAC74 /* HeaderView.swift in Sources */ = {isa = PBXBuildFile; fileRef = 00F8A83A294C94E0007DAC74 /* HeaderView.swift */; };
		00F8A83F294DF0B1007DAC74 /* DetailWeatherViewController.swift in Sources */ = {isa = PBXBuildFile; fileRef = 00F8A83E294DF0B1007DAC74 /* DetailWeatherViewController.swift */; };
/* End PBXBuildFile section */

/* Begin PBXFileReference section */
		00119392295253E400F9316C /* ForecastWeatherModel.swift */ = {isa = PBXFileReference; lastKnownFileType = sourcecode.swift; path = ForecastWeatherModel.swift; sourceTree = "<group>"; };
		0058ADBD294F56570037E9D7 /* DetailViewMainWeather.swift */ = {isa = PBXFileReference; lastKnownFileType = sourcecode.swift; path = DetailViewMainWeather.swift; sourceTree = "<group>"; };
		00A94B0C2949FA83000A8169 /* WeatherTaskIos.app */ = {isa = PBXFileReference; explicitFileType = wrapper.application; includeInIndex = 0; path = WeatherTaskIos.app; sourceTree = BUILT_PRODUCTS_DIR; };
		00A94B0F2949FA83000A8169 /* AppDelegate.swift */ = {isa = PBXFileReference; lastKnownFileType = sourcecode.swift; path = AppDelegate.swift; sourceTree = "<group>"; };
		00A94B112949FA83000A8169 /* SceneDelegate.swift */ = {isa = PBXFileReference; lastKnownFileType = sourcecode.swift; path = SceneDelegate.swift; sourceTree = "<group>"; };
		00A94B182949FA84000A8169 /* Assets.xcassets */ = {isa = PBXFileReference; lastKnownFileType = folder.assetcatalog; path = Assets.xcassets; sourceTree = "<group>"; };
		00A94B1B2949FA84000A8169 /* Base */ = {isa = PBXFileReference; lastKnownFileType = file.storyboard; name = Base; path = Base.lproj/LaunchScreen.storyboard; sourceTree = "<group>"; };
		00A94B1D2949FA84000A8169 /* Info.plist */ = {isa = PBXFileReference; lastKnownFileType = text.plist.xml; path = Info.plist; sourceTree = "<group>"; };
		00A94B25294A6260000A8169 /* MainViewController.swift */ = {isa = PBXFileReference; lastKnownFileType = sourcecode.swift; path = MainViewController.swift; sourceTree = "<group>"; };
		00A94B27294B31F8000A8169 /* MainWeatherCell.swift */ = {isa = PBXFileReference; lastKnownFileType = sourcecode.swift; path = MainWeatherCell.swift; sourceTree = "<group>"; };
		00A94B2A294B32D0000A8169 /* CurrentWeatherModel.swift */ = {isa = PBXFileReference; lastKnownFileType = sourcecode.swift; path = CurrentWeatherModel.swift; sourceTree = "<group>"; };
		00A94B2D294B6E12000A8169 /* NetworkWeather.swift */ = {isa = PBXFileReference; lastKnownFileType = sourcecode.swift; path = NetworkWeather.swift; sourceTree = "<group>"; };
		00F8A83A294C94E0007DAC74 /* HeaderView.swift */ = {isa = PBXFileReference; lastKnownFileType = sourcecode.swift; path = HeaderView.swift; sourceTree = "<group>"; };
		00F8A83E294DF0B1007DAC74 /* DetailWeatherViewController.swift */ = {isa = PBXFileReference; lastKnownFileType = sourcecode.swift; path = DetailWeatherViewController.swift; sourceTree = "<group>"; };
/* End PBXFileReference section */

/* Begin PBXFrameworksBuildPhase section */
		00A94B092949FA83000A8169 /* Frameworks */ = {
			isa = PBXFrameworksBuildPhase;
			buildActionMask = 2147483647;
			files = (
			);
			runOnlyForDeploymentPostprocessing = 0;
		};
/* End PBXFrameworksBuildPhase section */

/* Begin PBXGroup section */
		0058ADBB294F56210037E9D7 /* Header */ = {
			isa = PBXGroup;
			children = (
				00F8A83A294C94E0007DAC74 /* HeaderView.swift */,
			);
			path = Header;
			sourceTree = "<group>";
		};
		00A94B032949FA83000A8169 = {
			isa = PBXGroup;
			children = (
				00A94B0E2949FA83000A8169 /* WeatherTaskIos */,
				00A94B0D2949FA83000A8169 /* Products */,
			);
			sourceTree = "<group>";
		};
		00A94B0D2949FA83000A8169 /* Products */ = {
			isa = PBXGroup;
			children = (
				00A94B0C2949FA83000A8169 /* WeatherTaskIos.app */,
			);
			name = Products;
			sourceTree = "<group>";
		};
		00A94B0E2949FA83000A8169 /* WeatherTaskIos */ = {
			isa = PBXGroup;
			children = (
				00A94B2C294B6E04000A8169 /* NetworkManager */,
				00A94B29294B32B3000A8169 /* Model */,
				00A94B24294A006C000A8169 /* Resurces */,
				00A94B23294A0066000A8169 /* App */,
				00F8A83C294DF092007DAC74 /* Controller */,
			);
			path = WeatherTaskIos;
			sourceTree = "<group>";
		};
		00A94B23294A0066000A8169 /* App */ = {
			isa = PBXGroup;
			children = (
				00A94B0F2949FA83000A8169 /* AppDelegate.swift */,
				00A94B112949FA83000A8169 /* SceneDelegate.swift */,
				00A94B1D2949FA84000A8169 /* Info.plist */,
			);
			path = App;
			sourceTree = "<group>";
		};
		00A94B24294A006C000A8169 /* Resurces */ = {
			isa = PBXGroup;
			children = (
				00A94B182949FA84000A8169 /* Assets.xcassets */,
				00A94B1A2949FA84000A8169 /* LaunchScreen.storyboard */,
			);
			path = Resurces;
			sourceTree = "<group>";
		};
		00A94B29294B32B3000A8169 /* Model */ = {
			isa = PBXGroup;
			children = (
				00A94B2A294B32D0000A8169 /* CurrentWeatherModel.swift */,
				00119392295253E400F9316C /* ForecastWeatherModel.swift */,
			);
			path = Model;
			sourceTree = "<group>";
		};
		00A94B2C294B6E04000A8169 /* NetworkManager */ = {
			isa = PBXGroup;
			children = (
				00A94B2D294B6E12000A8169 /* NetworkWeather.swift */,
			);
			path = NetworkManager;
			sourceTree = "<group>";
		};
		00F8A83C294DF092007DAC74 /* Controller */ = {
			isa = PBXGroup;
			children = (
				0058ADBB294F56210037E9D7 /* Header */,
				00F8A83E294DF0B1007DAC74 /* DetailWeatherViewController.swift */,
				00A94B25294A6260000A8169 /* MainViewController.swift */,
				00F8A83D294DF09C007DAC74 /* Cell */,
				0058ADBD294F56570037E9D7 /* DetailViewMainWeather.swift */,
			);
			path = Controller;
			sourceTree = "<group>";
		};
		00F8A83D294DF09C007DAC74 /* Cell */ = {
			isa = PBXGroup;
			children = (
				00A94B27294B31F8000A8169 /* MainWeatherCell.swift */,
			);
			path = Cell;
			sourceTree = "<group>";
		};
/* End PBXGroup section */

/* Begin PBXNativeTarget section */
		00A94B0B2949FA83000A8169 /* WeatherTaskIos */ = {
			isa = PBXNativeTarget;
			buildConfigurationList = 00A94B202949FA84000A8169 /* Build configuration list for PBXNativeTarget "WeatherTaskIos" */;
			buildPhases = (
				00A94B082949FA83000A8169 /* Sources */,
				00A94B092949FA83000A8169 /* Frameworks */,
				00A94B0A2949FA83000A8169 /* Resources */,
			);
			buildRules = (
			);
			dependencies = (
			);
			name = WeatherTaskIos;
			productName = WeatherTaskIos;
			productReference = 00A94B0C2949FA83000A8169 /* WeatherTaskIos.app */;
			productType = "com.apple.product-type.application";
		};
/* End PBXNativeTarget section */

/* Begin PBXProject section */
		00A94B042949FA83000A8169 /* Project object */ = {
			isa = PBXProject;
			attributes = {
				BuildIndependentTargetsInParallel = 1;
				LastSwiftUpdateCheck = 1400;
				LastUpgradeCheck = 1400;
				TargetAttributes = {
					00A94B0B2949FA83000A8169 = {
						CreatedOnToolsVersion = 14.0;
					};
				};
			};
			buildConfigurationList = 00A94B072949FA83000A8169 /* Build configuration list for PBXProject "WeatherTaskIos" */;
			compatibilityVersion = "Xcode 14.0";
			developmentRegion = en;
			hasScannedForEncodings = 0;
			knownRegions = (
				en,
				Base,
			);
			mainGroup = 00A94B032949FA83000A8169;
			productRefGroup = 00A94B0D2949FA83000A8169 /* Products */;
			projectDirPath = "";
			projectRoot = "";
			targets = (
				00A94B0B2949FA83000A8169 /* WeatherTaskIos */,
			);
		};
/* End PBXProject section */

/* Begin PBXResourcesBuildPhase section */
		00A94B0A2949FA83000A8169 /* Resources */ = {
			isa = PBXResourcesBuildPhase;
			buildActionMask = 2147483647;
			files = (
				00A94B1C2949FA84000A8169 /* LaunchScreen.storyboard in Resources */,
				00A94B192949FA84000A8169 /* Assets.xcassets in Resources */,
			);
			runOnlyForDeploymentPostprocessing = 0;
		};
/* End PBXResourcesBuildPhase section */

/* Begin PBXSourcesBuildPhase section */
		00A94B082949FA83000A8169 /* Sources */ = {
			isa = PBXSourcesBuildPhase;
			buildActionMask = 2147483647;
			files = (
				00A94B102949FA83000A8169 /* AppDelegate.swift in Sources */,
				00A94B28294B31F8000A8169 /* MainWeatherCell.swift in Sources */,
				00F8A83F294DF0B1007DAC74 /* DetailWeatherViewController.swift in Sources */,
				00A94B2B294B32D0000A8169 /* CurrentWeatherModel.swift in Sources */,
				00A94B2E294B6E12000A8169 /* NetworkWeather.swift in Sources */,
				00119393295253E400F9316C /* ForecastWeatherModel.swift in Sources */,
				00A94B26294A6260000A8169 /* MainViewController.swift in Sources */,
				0058ADBE294F56570037E9D7 /* DetailViewMainWeather.swift in Sources */,
				00A94B122949FA83000A8169 /* SceneDelegate.swift in Sources */,
				00F8A83B294C94E0007DAC74 /* HeaderView.swift in Sources */,
			);
			runOnlyForDeploymentPostprocessing = 0;
		};
/* End PBXSourcesBuildPhase section */

/* Begin PBXVariantGroup section */
		00A94B1A2949FA84000A8169 /* LaunchScreen.storyboard */ = {
			isa = PBXVariantGroup;
			children = (
				00A94B1B2949FA84000A8169 /* Base */,
			);
			name = LaunchScreen.storyboard;
			sourceTree = "<group>";
		};
/* End PBXVariantGroup section */

/* Begin XCBuildConfiguration section */
		00A94B1E2949FA84000A8169 /* Debug */ = {
			isa = XCBuildConfiguration;
			buildSettings = {
				ALWAYS_SEARCH_USER_PATHS = NO;
				CLANG_ANALYZER_NONNULL = YES;
				CLANG_ANALYZER_NUMBER_OBJECT_CONVERSION = YES_AGGRESSIVE;
				CLANG_CXX_LANGUAGE_STANDARD = "gnu++20";
				CLANG_ENABLE_MODULES = YES;
				CLANG_ENABLE_OBJC_ARC = YES;
				CLANG_ENABLE_OBJC_WEAK = YES;
				CLANG_WARN_BLOCK_CAPTURE_AUTORELEASING = YES;
				CLANG_WARN_BOOL_CONVERSION = YES;
				CLANG_WARN_COMMA = YES;
				CLANG_WARN_CONSTANT_CONVERSION = YES;
				CLANG_WARN_DEPRECATED_OBJC_IMPLEMENTATIONS = YES;
				CLANG_WARN_DIRECT_OBJC_ISA_USAGE = YES_ERROR;
				CLANG_WARN_DOCUMENTATION_COMMENTS = YES;
				CLANG_WARN_EMPTY_BODY = YES;
				CLANG_WARN_ENUM_CONVERSION = YES;
				CLANG_WARN_INFINITE_RECURSION = YES;
				CLANG_WARN_INT_CONVERSION = YES;
				CLANG_WARN_NON_LITERAL_NULL_CONVERSION = YES;
				CLANG_WARN_OBJC_IMPLICIT_RETAIN_SELF = YES;
				CLANG_WARN_OBJC_LITERAL_CONVERSION = YES;
				CLANG_WARN_OBJC_ROOT_CLASS = YES_ERROR;
				CLANG_WARN_QUOTED_INCLUDE_IN_FRAMEWORK_HEADER = YES;
				CLANG_WARN_RANGE_LOOP_ANALYSIS = YES;
				CLANG_WARN_STRICT_PROTOTYPES = YES;
				CLANG_WARN_SUSPICIOUS_MOVE = YES;
				CLANG_WARN_UNGUARDED_AVAILABILITY = YES_AGGRESSIVE;
				CLANG_WARN_UNREACHABLE_CODE = YES;
				CLANG_WARN__DUPLICATE_METHOD_MATCH = YES;
				COPY_PHASE_STRIP = NO;
				DEBUG_INFORMATION_FORMAT = dwarf;
				ENABLE_STRICT_OBJC_MSGSEND = YES;
				ENABLE_TESTABILITY = YES;
				GCC_C_LANGUAGE_STANDARD = gnu11;
				GCC_DYNAMIC_NO_PIC = NO;
				GCC_NO_COMMON_BLOCKS = YES;
				GCC_OPTIMIZATION_LEVEL = 0;
				GCC_PREPROCESSOR_DEFINITIONS = (
					"DEBUG=1",
					"$(inherited)",
				);
				GCC_WARN_64_TO_32_BIT_CONVERSION = YES;
				GCC_WARN_ABOUT_RETURN_TYPE = YES_ERROR;
				GCC_WARN_UNDECLARED_SELECTOR = YES;
				GCC_WARN_UNINITIALIZED_AUTOS = YES_AGGRESSIVE;
				GCC_WARN_UNUSED_FUNCTION = YES;
				GCC_WARN_UNUSED_VARIABLE = YES;
				IPHONEOS_DEPLOYMENT_TARGET = 16.0;
				MTL_ENABLE_DEBUG_INFO = INCLUDE_SOURCE;
				MTL_FAST_MATH = YES;
				ONLY_ACTIVE_ARCH = YES;
				SDKROOT = iphoneos;
				SWIFT_ACTIVE_COMPILATION_CONDITIONS = DEBUG;
				SWIFT_OPTIMIZATION_LEVEL = "-Onone";
			};
			name = Debug;
		};
		00A94B1F2949FA84000A8169 /* Release */ = {
			isa = XCBuildConfiguration;
			buildSettings = {
				ALWAYS_SEARCH_USER_PATHS = NO;
				CLANG_ANALYZER_NONNULL = YES;
				CLANG_ANALYZER_NUMBER_OBJECT_CONVERSION = YES_AGGRESSIVE;
				CLANG_CXX_LANGUAGE_STANDARD = "gnu++20";
				CLANG_ENABLE_MODULES = YES;
				CLANG_ENABLE_OBJC_ARC = YES;
				CLANG_ENABLE_OBJC_WEAK = YES;
				CLANG_WARN_BLOCK_CAPTURE_AUTORELEASING = YES;
				CLANG_WARN_BOOL_CONVERSION = YES;
				CLANG_WARN_COMMA = YES;
				CLANG_WARN_CONSTANT_CONVERSION = YES;
				CLANG_WARN_DEPRECATED_OBJC_IMPLEMENTATIONS = YES;
				CLANG_WARN_DIRECT_OBJC_ISA_USAGE = YES_ERROR;
				CLANG_WARN_DOCUMENTATION_COMMENTS = YES;
				CLANG_WARN_EMPTY_BODY = YES;
				CLANG_WARN_ENUM_CONVERSION = YES;
				CLANG_WARN_INFINITE_RECURSION = YES;
				CLANG_WARN_INT_CONVERSION = YES;
				CLANG_WARN_NON_LITERAL_NULL_CONVERSION = YES;
				CLANG_WARN_OBJC_IMPLICIT_RETAIN_SELF = YES;
				CLANG_WARN_OBJC_LITERAL_CONVERSION = YES;
				CLANG_WARN_OBJC_ROOT_CLASS = YES_ERROR;
				CLANG_WARN_QUOTED_INCLUDE_IN_FRAMEWORK_HEADER = YES;
				CLANG_WARN_RANGE_LOOP_ANALYSIS = YES;
				CLANG_WARN_STRICT_PROTOTYPES = YES;
				CLANG_WARN_SUSPICIOUS_MOVE = YES;
				CLANG_WARN_UNGUARDED_AVAILABILITY = YES_AGGRESSIVE;
				CLANG_WARN_UNREACHABLE_CODE = YES;
				CLANG_WARN__DUPLICATE_METHOD_MATCH = YES;
				COPY_PHASE_STRIP = NO;
				DEBUG_INFORMATION_FORMAT = "dwarf-with-dsym";
				ENABLE_NS_ASSERTIONS = NO;
				ENABLE_STRICT_OBJC_MSGSEND = YES;
				GCC_C_LANGUAGE_STANDARD = gnu11;
				GCC_NO_COMMON_BLOCKS = YES;
				GCC_WARN_64_TO_32_BIT_CONVERSION = YES;
				GCC_WARN_ABOUT_RETURN_TYPE = YES_ERROR;
				GCC_WARN_UNDECLARED_SELECTOR = YES;
				GCC_WARN_UNINITIALIZED_AUTOS = YES_AGGRESSIVE;
				GCC_WARN_UNUSED_FUNCTION = YES;
				GCC_WARN_UNUSED_VARIABLE = YES;
				IPHONEOS_DEPLOYMENT_TARGET = 16.0;
				MTL_ENABLE_DEBUG_INFO = NO;
				MTL_FAST_MATH = YES;
				SDKROOT = iphoneos;
				SWIFT_COMPILATION_MODE = wholemodule;
				SWIFT_OPTIMIZATION_LEVEL = "-O";
				VALIDATE_PRODUCT = YES;
			};
			name = Release;
		};
		00A94B212949FA84000A8169 /* Debug */ = {
			isa = XCBuildConfiguration;
			buildSettings = {
				ASSETCATALOG_COMPILER_APPICON_NAME = AppIcon;
				ASSETCATALOG_COMPILER_GLOBAL_ACCENT_COLOR_NAME = AccentColor;
				CODE_SIGN_STYLE = Automatic;
				CURRENT_PROJECT_VERSION = 1;
				DEVELOPMENT_TEAM = W9FSXFWG34;
				GENERATE_INFOPLIST_FILE = YES;
				INFOPLIST_FILE = WeatherTaskIos/App/Info.plist;
				INFOPLIST_KEY_UIApplicationSupportsIndirectInputEvents = YES;
				INFOPLIST_KEY_UILaunchStoryboardName = LaunchScreen;
				INFOPLIST_KEY_UISupportedInterfaceOrientations_iPad = "UIInterfaceOrientationPortrait UIInterfaceOrientationPortraitUpsideDown UIInterfaceOrientationLandscapeLeft UIInterfaceOrientationLandscapeRight";
				INFOPLIST_KEY_UISupportedInterfaceOrientations_iPhone = "UIInterfaceOrientationPortrait UIInterfaceOrientationLandscapeLeft UIInterfaceOrientationLandscapeRight";
				LD_RUNPATH_SEARCH_PATHS = (
					"$(inherited)",
					"@executable_path/Frameworks",
				);
				MARKETING_VERSION = 1.0;
				PRODUCT_BUNDLE_IDENTIFIER = artemorlov.WeatherTaskIos;
				PRODUCT_NAME = "$(TARGET_NAME)";
				SWIFT_EMIT_LOC_STRINGS = YES;
				SWIFT_VERSION = 5.0;
				TARGETED_DEVICE_FAMILY = "1,2";
			};
			name = Debug;
		};
		00A94B222949FA84000A8169 /* Release */ = {
			isa = XCBuildConfiguration;
			buildSettings = {
				ASSETCATALOG_COMPILER_APPICON_NAME = AppIcon;
				ASSETCATALOG_COMPILER_GLOBAL_ACCENT_COLOR_NAME = AccentColor;
				CODE_SIGN_STYLE = Automatic;
				CURRENT_PROJECT_VERSION = 1;
				DEVELOPMENT_TEAM = W9FSXFWG34;
				GENERATE_INFOPLIST_FILE = YES;
				INFOPLIST_FILE = WeatherTaskIos/App/Info.plist;
				INFOPLIST_KEY_UIApplicationSupportsIndirectInputEvents = YES;
				INFOPLIST_KEY_UILaunchStoryboardName = LaunchScreen;
				INFOPLIST_KEY_UISupportedInterfaceOrientations_iPad = "UIInterfaceOrientationPortrait UIInterfaceOrientationPortraitUpsideDown UIInterfaceOrientationLandscapeLeft UIInterfaceOrientationLandscapeRight";
				INFOPLIST_KEY_UISupportedInterfaceOrientations_iPhone = "UIInterfaceOrientationPortrait UIInterfaceOrientationLandscapeLeft UIInterfaceOrientationLandscapeRight";
				LD_RUNPATH_SEARCH_PATHS = (
					"$(inherited)",
					"@executable_path/Frameworks",
				);
				MARKETING_VERSION = 1.0;
				PRODUCT_BUNDLE_IDENTIFIER = artemorlov.WeatherTaskIos;
				PRODUCT_NAME = "$(TARGET_NAME)";
				SWIFT_EMIT_LOC_STRINGS = YES;
				SWIFT_VERSION = 5.0;
				TARGETED_DEVICE_FAMILY = "1,2";
			};
			name = Release;
		};
/* End XCBuildConfiguration section */

/* Begin XCConfigurationList section */
		00A94B072949FA83000A8169 /* Build configuration list for PBXProject "WeatherTaskIos" */ = {
			isa = XCConfigurationList;
			buildConfigurations = (
				00A94B1E2949FA84000A8169 /* Debug */,
				00A94B1F2949FA84000A8169 /* Release */,
			);
			defaultConfigurationIsVisible = 0;
			defaultConfigurationName = Release;
		};
		00A94B202949FA84000A8169 /* Build configuration list for PBXNativeTarget "WeatherTaskIos" */ = {
			isa = XCConfigurationList;
			buildConfigurations = (
				00A94B212949FA84000A8169 /* Debug */,
				00A94B222949FA84000A8169 /* Release */,
			);
			defaultConfigurationIsVisible = 0;
			defaultConfigurationName = Release;
		};
/* End XCConfigurationList section */
	};
	rootObject = 00A94B042949FA83000A8169 /* Project object */;
}
